
Microsoft Visual Studio Solution File, Format Version 12.00
# Visual Studio Version 17
VisualStudioVersion = 17.14.36301.6 d17.14
MinimumVisualStudioVersion = 10.0.40219.1
Project("{FAE04EC0-301F-11D3-BF4B-00C04F79EFBC}") = "Template", "Template.csproj", "{0F401AD9-F159-48BA-A77D-CEA9AAE87D1C}"
EndProject
Global
	GlobalSection(SolutionConfigurationPlatforms) = preSolution
		Debug|Any CPU = Debug|Any CPU
		Release|Any CPU = Release|Any CPU
	EndGlobalSection
	GlobalSection(ProjectConfigurationPlatforms) = postSolution
		{0F401AD9-F159-48BA-A77D-CEA9AAE87D1C}.Debug|Any CPU.ActiveCfg = Debug|Any CPU
		{0F401AD9-F159-48BA-A77D-CEA9AAE87D1C}.Debug|Any CPU.Build.0 = Debug|Any CPU
		{0F401AD9-F159-48BA-A77D-CEA9AAE87D1C}.Release|Any CPU.ActiveCfg = Release|Any CPU
		{0F401AD9-F159-48BA-A77D-CEA9AAE87D1C}.Release|Any CPU.Build.0 = Release|Any CPU
	EndGlobalSection
	GlobalSection(SolutionProperties) = preSolution
		HideSolutionNode = FALSE
	EndGlobalSection
	GlobalSection(ExtensibilityGlobals) = postSolution
		SolutionGuid = {414662C2-830D-41FF-B77F-B97B93A802F9}
	EndGlobalSection
EndGlobal
