
Microsoft Visual Studio Solution File, Format Version 12.00
# Visual Studio Version 17
VisualStudioVersion = 17.14.36301.6 d17.14
MinimumVisualStudioVersion = 10.0.40219.1
Project("{FAE04EC0-301F-11D3-BF4B-00C04F79EFBC}") = "Memento", "Memento.csproj", "{BD97E31C-2D5B-4517-BF70-5250BE7F677B}"
EndProject
Global
	GlobalSection(SolutionConfigurationPlatforms) = preSolution
		Debug|Any CPU = Debug|Any CPU
		Release|Any CPU = Release|Any CPU
	EndGlobalSection
	GlobalSection(ProjectConfigurationPlatforms) = postSolution
		{BD97E31C-2D5B-4517-BF70-5250BE7F677B}.Debug|Any CPU.ActiveCfg = Debug|Any CPU
		{BD97E31C-2D5B-4517-BF70-5250BE7F677B}.Debug|Any CPU.Build.0 = Debug|Any CPU
		{BD97E31C-2D5B-4517-BF70-5250BE7F677B}.Release|Any CPU.ActiveCfg = Release|Any CPU
		{BD97E31C-2D5B-4517-BF70-5250BE7F677B}.Release|Any CPU.Build.0 = Release|Any CPU
	EndGlobalSection
	GlobalSection(SolutionProperties) = preSolution
		HideSolutionNode = FALSE
	EndGlobalSection
	GlobalSection(ExtensibilityGlobals) = postSolution
		SolutionGuid = {090E4D01-1F4E-4615-BD43-2186AAA4F406}
	EndGlobalSection
EndGlobal
