
Microsoft Visual Studio Solution File, Format Version 12.00
# Visual Studio Version 17
VisualStudioVersion = 17.14.36301.6 d17.14
MinimumVisualStudioVersion = 10.0.40219.1
Project("{FAE04EC0-301F-11D3-BF4B-00C04F79EFBC}") = "Observer", "Observer.csproj", "{A676C5C1-B080-4794-85CA-5A7963D88134}"
EndProject
Global
	GlobalSection(SolutionConfigurationPlatforms) = preSolution
		Debug|Any CPU = Debug|Any CPU
		Release|Any CPU = Release|Any CPU
	EndGlobalSection
	GlobalSection(ProjectConfigurationPlatforms) = postSolution
		{A676C5C1-B080-4794-85CA-5A7963D88134}.Debug|Any CPU.ActiveCfg = Debug|Any CPU
		{A676C5C1-B080-4794-85CA-5A7963D88134}.Debug|Any CPU.Build.0 = Debug|Any CPU
		{A676C5C1-B080-4794-85CA-5A7963D88134}.Release|Any CPU.ActiveCfg = Release|Any CPU
		{A676C5C1-B080-4794-85CA-5A7963D88134}.Release|Any CPU.Build.0 = Release|Any CPU
	EndGlobalSection
	GlobalSection(SolutionProperties) = preSolution
		HideSolutionNode = FALSE
	EndGlobalSection
	GlobalSection(ExtensibilityGlobals) = postSolution
		SolutionGuid = {12A3D757-0F83-4E0D-93CE-54AEA465298B}
	EndGlobalSection
EndGlobal
