
Microsoft Visual Studio Solution File, Format Version 12.00
# Visual Studio Version 17
VisualStudioVersion = 17.14.36301.6 d17.14
MinimumVisualStudioVersion = 10.0.40219.1
Project("{FAE04EC0-301F-11D3-BF4B-00C04F79EFBC}") = "Strategy", "Strategy.csproj", "{029DAA05-32F6-485A-84CD-EE4E94F1420D}"
EndProject
Global
	GlobalSection(SolutionConfigurationPlatforms) = preSolution
		Debug|Any CPU = Debug|Any CPU
		Release|Any CPU = Release|Any CPU
	EndGlobalSection
	GlobalSection(ProjectConfigurationPlatforms) = postSolution
		{029DAA05-32F6-485A-84CD-EE4E94F1420D}.Debug|Any CPU.ActiveCfg = Debug|Any CPU
		{029DAA05-32F6-485A-84CD-EE4E94F1420D}.Debug|Any CPU.Build.0 = Debug|Any CPU
		{029DAA05-32F6-485A-84CD-EE4E94F1420D}.Release|Any CPU.ActiveCfg = Release|Any CPU
		{029DAA05-32F6-485A-84CD-EE4E94F1420D}.Release|Any CPU.Build.0 = Release|Any CPU
	EndGlobalSection
	GlobalSection(SolutionProperties) = preSolution
		HideSolutionNode = FALSE
	EndGlobalSection
	GlobalSection(ExtensibilityGlobals) = postSolution
		SolutionGuid = {8FE0E0C8-937D-4E81-B3F7-07174327B145}
	EndGlobalSection
EndGlobal
